// !$*UTF8*$!
{
	archiveVersion = 1;
	classes = {
	};
	objectVersion = 48;
	objects = {

/* Begin PBXBuildFile section */
		60070A221F88C64C00AE4BEB /* Assets.xcassets in Resources */ = {isa = PBXBuildFile; fileRef = 60070A211F88C64C00AE4BEB /* Assets.xcassets */; };
		60070A251F88C64C00AE4BEB /* MainMenu.xib in Resources */ = {isa = PBXBuildFile; fileRef = 60070A231F88C64C00AE4BEB /* MainMenu.xib */; };
		60070A301F88C82A00AE4BEB /* main.cpp in Sources */ = {isa = PBXBuildFile; fileRef = 600709FD1F88C49A00AE4BEB /* main.cpp */; };
		60070A391F88C84D00AE4BEB /* Assets in Resources */ = {isa = PBXBuildFile; fileRef = 60070A2F1F88C71100AE4BEB /* Assets */; };
		60070A3F1F88C86700AE4BEB /* OpenGL.framework in Frameworks */ = {isa = PBXBuildFile; fileRef = 60070A3E1F88C86700AE4BEB /* OpenGL.framework */; };
		600B9A551FB8333900B1F0D5 /* Map.cpp in Sources */ = {isa = PBXBuildFile; fileRef = 600B9A531FB8333900B1F0D5 /* Map.cpp */; };
		600B9A6E1FBADB3C00B1F0D5 /* RenderLayer.cpp in Sources */ = {isa = PBXBuildFile; fileRef = 600B9A6C1FBADB3C00B1F0D5 /* RenderLayer.cpp */; };
		600B9A711FBC25F000B1F0D5 /* FrustumCulling.cpp in Sources */ = {isa = PBXBuildFile; fileRef = 600B9A6F1FBC25F000B1F0D5 /* FrustumCulling.cpp */; };
		600E63B71F99F19000F6A34A /* Transform.cpp in Sources */ = {isa = PBXBuildFile; fileRef = 600E63B31F99F18F00F6A34A /* Transform.cpp */; };
		600E63B81F99F19000F6A34A /* MeshRenderer.cpp in Sources */ = {isa = PBXBuildFile; fileRef = 600E63B41F99F19000F6A34A /* MeshRenderer.cpp */; };
		60132DFD1FA38D5900E71962 /* Time.cpp in Sources */ = {isa = PBXBuildFile; fileRef = 60132DFB1FA38D5900E71962 /* Time.cpp */; };
		60159E211FB067DE00EDC9CA /* Level.cpp in Sources */ = {isa = PBXBuildFile; fileRef = 60159E1F1FB067DE00EDC9CA /* Level.cpp */; };
		6024342D1F88D89200DA6CA4 /* Engine.cpp in Sources */ = {isa = PBXBuildFile; fileRef = 602434281F88D89200DA6CA4 /* Engine.cpp */; };
		6024342E1F88D89200DA6CA4 /* Window.cpp in Sources */ = {isa = PBXBuildFile; fileRef = 6024342C1F88D89200DA6CA4 /* Window.cpp */; };
		602434311F88DA2300DA6CA4 /* Shader.cpp in Sources */ = {isa = PBXBuildFile; fileRef = 6024342F1F88DA2300DA6CA4 /* Shader.cpp */; };
		602434341F88DA7100DA6CA4 /* Resources.cpp in Sources */ = {isa = PBXBuildFile; fileRef = 602434321F88DA7100DA6CA4 /* Resources.cpp */; };
		602434371F88DCBC00DA6CA4 /* RenderPass.cpp in Sources */ = {isa = PBXBuildFile; fileRef = 602434351F88DCBC00DA6CA4 /* RenderPass.cpp */; };
		6024343A1F88E70B00DA6CA4 /* Camera.cpp in Sources */ = {isa = PBXBuildFile; fileRef = 602434381F88E70B00DA6CA4 /* Camera.cpp */; };
		6024343D1F88E79A00DA6CA4 /* Game.cpp in Sources */ = {isa = PBXBuildFile; fileRef = 6024343B1F88E79A00DA6CA4 /* Game.cpp */; };
		602434421F88EA8600DA6CA4 /* libglfw.3.2.dylib in CopyFiles */ = {isa = PBXBuildFile; fileRef = 60070A371F88C83B00AE4BEB /* libglfw.3.2.dylib */; settings = {ATTRIBUTES = (CodeSignOnCopy, ); }; };
		602434431F88EA8600DA6CA4 /* libGLEW.2.0.0.dylib in CopyFiles */ = {isa = PBXBuildFile; fileRef = 60070A351F88C83400AE4BEB /* libGLEW.2.0.0.dylib */; settings = {ATTRIBUTES = (CodeSignOnCopy, ); }; };
		602434481F88F04600DA6CA4 /* libassimp.3.3.1.dylib in CopyFiles */ = {isa = PBXBuildFile; fileRef = 602434461F88F03B00DA6CA4 /* libassimp.3.3.1.dylib */; settings = {ATTRIBUTES = (CodeSignOnCopy, ); }; };
		602C98A41FAED44000B69E45 /* Offset.cpp in Sources */ = {isa = PBXBuildFile; fileRef = 602C98A21FAED44000B69E45 /* Offset.cpp */; };
		60315E691FC31A13005D6AE0 /* Billboard.cpp in Sources */ = {isa = PBXBuildFile; fileRef = 60315E671FC31A13005D6AE0 /* Billboard.cpp */; };
		604B57821F945A84009DE302 /* Model.cpp in Sources */ = {isa = PBXBuildFile; fileRef = 604B57801F945A84009DE302 /* Model.cpp */; };
		604B57851F945A92009DE302 /* Mesh.cpp in Sources */ = {isa = PBXBuildFile; fileRef = 604B57831F945A92009DE302 /* Mesh.cpp */; };
		604B57881F94928A009DE302 /* Texture.cpp in Sources */ = {isa = PBXBuildFile; fileRef = 604B57861F94928A009DE302 /* Texture.cpp */; };
		604B578E1F95F61A009DE302 /* SceneManager.cpp in Sources */ = {isa = PBXBuildFile; fileRef = 604B578C1F95F61A009DE302 /* SceneManager.cpp */; };
		604B57921F95FAB9009DE302 /* Component.cpp in Sources */ = {isa = PBXBuildFile; fileRef = 604B57901F95FAB9009DE302 /* Component.cpp */; };
		604B57951F95FAD0009DE302 /* GameObject.cpp in Sources */ = {isa = PBXBuildFile; fileRef = 604B57931F95FAD0009DE302 /* GameObject.cpp */; };
		604B57981F9723AE009DE302 /* LightProbe.cpp in Sources */ = {isa = PBXBuildFile; fileRef = 604B57961F9723AE009DE302 /* LightProbe.cpp */; };
		604B579C1F973F94009DE302 /* Skybox.cpp in Sources */ = {isa = PBXBuildFile; fileRef = 604B579A1F973F94009DE302 /* Skybox.cpp */; };
		604B579F1F973FBC009DE302 /* Quad.cpp in Sources */ = {isa = PBXBuildFile; fileRef = 604B579D1F973FBC009DE302 /* Quad.cpp */; };
		604B57A31F9890AF009DE302 /* Scene.cpp in Sources */ = {isa = PBXBuildFile; fileRef = 604B57A11F9890AF009DE302 /* Scene.cpp */; };
		604B57A61F98A251009DE302 /* Scene00.cpp in Sources */ = {isa = PBXBuildFile; fileRef = 604B57A41F98A251009DE302 /* Scene00.cpp */; };
		604B57AC1F99C148009DE302 /* Material.cpp in Sources */ = {isa = PBXBuildFile; fileRef = 604B57AA1F99C148009DE302 /* Material.cpp */; };
		6057408E1FADBBFC005B7358 /* PlayerController.cpp in Sources */ = {isa = PBXBuildFile; fileRef = 6057408C1FADBBFC005B7358 /* PlayerController.cpp */; };
		605740911FADF9C4005B7358 /* PointLight.cpp in Sources */ = {isa = PBXBuildFile; fileRef = 6057408F1FADF9C4005B7358 /* PointLight.cpp */; };
		6082F4AF1FA737C000B177DA /* Input.cpp in Sources */ = {isa = PBXBuildFile; fileRef = 6082F4AE1FA737BF00B177DA /* Input.cpp */; };
		6082F4B21FA9A11200B177DA /* CameraController.cpp in Sources */ = {isa = PBXBuildFile; fileRef = 6082F4B01FA9A11200B177DA /* CameraController.cpp */; };
		6082F4B51FAB073000B177DA /* Sphere.cpp in Sources */ = {isa = PBXBuildFile; fileRef = 6082F4B31FAB073000B177DA /* Sphere.cpp */; };
		609F90701F9EFF2400238D61 /* Bone.cpp in Sources */ = {isa = PBXBuildFile; fileRef = 609F906E1F9EFF2400238D61 /* Bone.cpp */; };
		60CD446B1FC41E4B00ADF152 /* UVAnimation.cpp in Sources */ = {isa = PBXBuildFile; fileRef = 60CD44691FC41E4B00ADF152 /* UVAnimation.cpp */; };
		60CD446E1FC5261600ADF152 /* Emitter.cpp in Sources */ = {isa = PBXBuildFile; fileRef = 60CD446C1FC5261600ADF152 /* Emitter.cpp */; };
		60CD44741FC5592200ADF152 /* Particle.cpp in Sources */ = {isa = PBXBuildFile; fileRef = 60CD44721FC5592200ADF152 /* Particle.cpp */; };
		60CD44781FC6A11600ADF152 /* FxTorchFire.cpp in Sources */ = {isa = PBXBuildFile; fileRef = 60CD44761FC6A11600ADF152 /* FxTorchFire.cpp */; };
		60CD447B1FC6EDF300ADF152 /* QuadInstance2vec3.cpp in Sources */ = {isa = PBXBuildFile; fileRef = 60CD44791FC6EDF300ADF152 /* QuadInstance2vec3.cpp */; };
		60E579F81FA0B34700690EC1 /* Animation.cpp in Sources */ = {isa = PBXBuildFile; fileRef = 60E579F61FA0B34700690EC1 /* Animation.cpp */; };
		60E579FB1FA0BB9B00690EC1 /* Keyframe.cpp in Sources */ = {isa = PBXBuildFile; fileRef = 60E579F91FA0BB9B00690EC1 /* Keyframe.cpp */; };
		60E579FE1FA0C35100690EC1 /* Node.cpp in Sources */ = {isa = PBXBuildFile; fileRef = 60E579FC1FA0C35100690EC1 /* Node.cpp */; };
		60EEC57B1FCA5D8E0068B59D /* Scene03.cpp in Sources */ = {isa = PBXBuildFile; fileRef = 60EEC5791FCA5D8E0068B59D /* Scene03.cpp */; };
		60FA8C771FB5615200E31651 /* ShadowMapping.cpp in Sources */ = {isa = PBXBuildFile; fileRef = 60FA8C751FB5615200E31651 /* ShadowMapping.cpp */; };
/* End PBXBuildFile section */

/* Begin PBXCopyFilesBuildPhase section */
		6024343E1F88EA5A00DA6CA4 /* CopyFiles */ = {
			isa = PBXCopyFilesBuildPhase;
			buildActionMask = 2147483647;
			dstPath = "";
			dstSubfolderSpec = 10;
			files = (
				602434481F88F04600DA6CA4 /* libassimp.3.3.1.dylib in CopyFiles */,
				602434421F88EA8600DA6CA4 /* libglfw.3.2.dylib in CopyFiles */,
				602434431F88EA8600DA6CA4 /* libGLEW.2.0.0.dylib in CopyFiles */,
			);
			runOnlyForDeploymentPostprocessing = 0;
		};
/* End PBXCopyFilesBuildPhase section */

/* Begin PBXFileReference section */
		600709FD1F88C49A00AE4BEB /* main.cpp */ = {isa = PBXFileReference; lastKnownFileType = sourcecode.cpp.cpp; path = main.cpp; sourceTree = "<group>"; };
		60070A1D1F88C64C00AE4BEB /* Cocoa.app */ = {isa = PBXFileReference; explicitFileType = wrapper.application; includeInIndex = 0; path = Cocoa.app; sourceTree = BUILT_PRODUCTS_DIR; };
		60070A1F1F88C64C00AE4BEB /* AppDelegate.swift */ = {isa = PBXFileReference; lastKnownFileType = sourcecode.swift; path = AppDelegate.swift; sourceTree = "<group>"; };
		60070A211F88C64C00AE4BEB /* Assets.xcassets */ = {isa = PBXFileReference; lastKnownFileType = folder.assetcatalog; path = Assets.xcassets; sourceTree = "<group>"; };
		60070A241F88C64C00AE4BEB /* Base */ = {isa = PBXFileReference; lastKnownFileType = file.xib; name = Base; path = Base.lproj/MainMenu.xib; sourceTree = "<group>"; };
		60070A261F88C64C00AE4BEB /* Info.plist */ = {isa = PBXFileReference; lastKnownFileType = text.plist.xml; path = Info.plist; sourceTree = "<group>"; };
		60070A271F88C64C00AE4BEB /* Cocoa.entitlements */ = {isa = PBXFileReference; lastKnownFileType = text.plist.entitlements; path = Cocoa.entitlements; sourceTree = "<group>"; };
		60070A2F1F88C71100AE4BEB /* Assets */ = {isa = PBXFileReference; lastKnownFileType = folder; path = Assets; sourceTree = "<group>"; };
		60070A351F88C83400AE4BEB /* libGLEW.2.0.0.dylib */ = {isa = PBXFileReference; lastKnownFileType = "compiled.mach-o.dylib"; name = libGLEW.2.0.0.dylib; path = Frameworks/glew/lib/libGLEW.2.0.0.dylib; sourceTree = "<group>"; };
		60070A371F88C83B00AE4BEB /* libglfw.3.2.dylib */ = {isa = PBXFileReference; lastKnownFileType = "compiled.mach-o.dylib"; name = libglfw.3.2.dylib; path = Frameworks/glfw/lib/libglfw.3.2.dylib; sourceTree = "<group>"; };
		60070A3E1F88C86700AE4BEB /* OpenGL.framework */ = {isa = PBXFileReference; lastKnownFileType = wrapper.framework; name = OpenGL.framework; path = System/Library/Frameworks/OpenGL.framework; sourceTree = SDKROOT; };
		600B9A531FB8333900B1F0D5 /* Map.cpp */ = {isa = PBXFileReference; lastKnownFileType = sourcecode.cpp.cpp; path = Map.cpp; sourceTree = "<group>"; usesTabs = 1; };
		600B9A541FB8333900B1F0D5 /* Map.hpp */ = {isa = PBXFileReference; lastKnownFileType = sourcecode.cpp.h; path = Map.hpp; sourceTree = "<group>"; };
		600B9A6C1FBADB3C00B1F0D5 /* RenderLayer.cpp */ = {isa = PBXFileReference; lastKnownFileType = sourcecode.cpp.cpp; path = RenderLayer.cpp; sourceTree = "<group>"; };
		600B9A6D1FBADB3C00B1F0D5 /* RenderLayer.hpp */ = {isa = PBXFileReference; lastKnownFileType = sourcecode.cpp.h; path = RenderLayer.hpp; sourceTree = "<group>"; };
		600B9A6F1FBC25F000B1F0D5 /* FrustumCulling.cpp */ = {isa = PBXFileReference; lastKnownFileType = sourcecode.cpp.cpp; path = FrustumCulling.cpp; sourceTree = "<group>"; };
		600B9A701FBC25F000B1F0D5 /* FrustumCulling.hpp */ = {isa = PBXFileReference; lastKnownFileType = sourcecode.cpp.h; path = FrustumCulling.hpp; sourceTree = "<group>"; };
		600E63B31F99F18F00F6A34A /* Transform.cpp */ = {isa = PBXFileReference; fileEncoding = 4; lastKnownFileType = sourcecode.cpp.cpp; path = Transform.cpp; sourceTree = "<group>"; };
		600E63B41F99F19000F6A34A /* MeshRenderer.cpp */ = {isa = PBXFileReference; fileEncoding = 4; lastKnownFileType = sourcecode.cpp.cpp; path = MeshRenderer.cpp; sourceTree = "<group>"; };
		600E63B51F99F19000F6A34A /* MeshRenderer.hpp */ = {isa = PBXFileReference; fileEncoding = 4; lastKnownFileType = sourcecode.cpp.h; path = MeshRenderer.hpp; sourceTree = "<group>"; };
		600E63B61F99F19000F6A34A /* Transform.hpp */ = {isa = PBXFileReference; fileEncoding = 4; lastKnownFileType = sourcecode.cpp.h; path = Transform.hpp; sourceTree = "<group>"; };
		60132DFB1FA38D5900E71962 /* Time.cpp */ = {isa = PBXFileReference; lastKnownFileType = sourcecode.cpp.cpp; path = Time.cpp; sourceTree = "<group>"; };
		60132DFC1FA38D5900E71962 /* Time.hpp */ = {isa = PBXFileReference; lastKnownFileType = sourcecode.cpp.h; path = Time.hpp; sourceTree = "<group>"; };
		60159E1F1FB067DE00EDC9CA /* Level.cpp */ = {isa = PBXFileReference; lastKnownFileType = sourcecode.cpp.cpp; path = Level.cpp; sourceTree = "<group>"; };
		60159E201FB067DE00EDC9CA /* Level.hpp */ = {isa = PBXFileReference; lastKnownFileType = sourcecode.cpp.h; path = Level.hpp; sourceTree = "<group>"; };
		602434281F88D89200DA6CA4 /* Engine.cpp */ = {isa = PBXFileReference; fileEncoding = 4; lastKnownFileType = sourcecode.cpp.cpp; path = Engine.cpp; sourceTree = "<group>"; };
		602434291F88D89200DA6CA4 /* Window.hpp */ = {isa = PBXFileReference; fileEncoding = 4; lastKnownFileType = sourcecode.cpp.h; path = Window.hpp; sourceTree = "<group>"; };
		6024342B1F88D89200DA6CA4 /* Engine.hpp */ = {isa = PBXFileReference; fileEncoding = 4; lastKnownFileType = sourcecode.cpp.h; path = Engine.hpp; sourceTree = "<group>"; };
		6024342C1F88D89200DA6CA4 /* Window.cpp */ = {isa = PBXFileReference; fileEncoding = 4; lastKnownFileType = sourcecode.cpp.cpp; path = Window.cpp; sourceTree = "<group>"; };
		6024342F1F88DA2300DA6CA4 /* Shader.cpp */ = {isa = PBXFileReference; lastKnownFileType = sourcecode.cpp.cpp; path = Shader.cpp; sourceTree = "<group>"; };
		602434301F88DA2300DA6CA4 /* Shader.hpp */ = {isa = PBXFileReference; lastKnownFileType = sourcecode.cpp.h; path = Shader.hpp; sourceTree = "<group>"; };
		602434321F88DA7100DA6CA4 /* Resources.cpp */ = {isa = PBXFileReference; lastKnownFileType = sourcecode.cpp.cpp; path = Resources.cpp; sourceTree = "<group>"; };
		602434331F88DA7100DA6CA4 /* Resources.hpp */ = {isa = PBXFileReference; lastKnownFileType = sourcecode.cpp.h; path = Resources.hpp; sourceTree = "<group>"; };
		602434351F88DCBC00DA6CA4 /* RenderPass.cpp */ = {isa = PBXFileReference; lastKnownFileType = sourcecode.cpp.cpp; path = RenderPass.cpp; sourceTree = "<group>"; };
		602434361F88DCBC00DA6CA4 /* RenderPass.hpp */ = {isa = PBXFileReference; lastKnownFileType = sourcecode.cpp.h; path = RenderPass.hpp; sourceTree = "<group>"; };
		602434381F88E70B00DA6CA4 /* Camera.cpp */ = {isa = PBXFileReference; lastKnownFileType = sourcecode.cpp.cpp; path = Camera.cpp; sourceTree = "<group>"; };
		602434391F88E70B00DA6CA4 /* Camera.hpp */ = {isa = PBXFileReference; lastKnownFileType = sourcecode.cpp.h; path = Camera.hpp; sourceTree = "<group>"; };
		6024343B1F88E79A00DA6CA4 /* Game.cpp */ = {isa = PBXFileReference; lastKnownFileType = sourcecode.cpp.cpp; path = Game.cpp; sourceTree = "<group>"; };
		6024343C1F88E79A00DA6CA4 /* Game.hpp */ = {isa = PBXFileReference; lastKnownFileType = sourcecode.cpp.h; path = Game.hpp; sourceTree = "<group>"; };
		602434461F88F03B00DA6CA4 /* libassimp.3.3.1.dylib */ = {isa = PBXFileReference; lastKnownFileType = "compiled.mach-o.dylib"; name = libassimp.3.3.1.dylib; path = Frameworks/assimp/lib/libassimp.3.3.1.dylib; sourceTree = "<group>"; };
		602C98A21FAED44000B69E45 /* Offset.cpp */ = {isa = PBXFileReference; lastKnownFileType = sourcecode.cpp.cpp; path = Offset.cpp; sourceTree = "<group>"; };
		602C98A31FAED44000B69E45 /* Offset.hpp */ = {isa = PBXFileReference; lastKnownFileType = sourcecode.cpp.h; path = Offset.hpp; sourceTree = "<group>"; };
		60315E671FC31A13005D6AE0 /* Billboard.cpp */ = {isa = PBXFileReference; lastKnownFileType = sourcecode.cpp.cpp; path = Billboard.cpp; sourceTree = "<group>"; };
		60315E681FC31A13005D6AE0 /* Billboard.hpp */ = {isa = PBXFileReference; lastKnownFileType = sourcecode.cpp.h; path = Billboard.hpp; sourceTree = "<group>"; };
		604B57801F945A84009DE302 /* Model.cpp */ = {isa = PBXFileReference; lastKnownFileType = sourcecode.cpp.cpp; path = Model.cpp; sourceTree = "<group>"; };
		604B57811F945A84009DE302 /* Model.hpp */ = {isa = PBXFileReference; lastKnownFileType = sourcecode.cpp.h; path = Model.hpp; sourceTree = "<group>"; };
		604B57831F945A92009DE302 /* Mesh.cpp */ = {isa = PBXFileReference; lastKnownFileType = sourcecode.cpp.cpp; path = Mesh.cpp; sourceTree = "<group>"; };
		604B57841F945A92009DE302 /* Mesh.hpp */ = {isa = PBXFileReference; lastKnownFileType = sourcecode.cpp.h; path = Mesh.hpp; sourceTree = "<group>"; };
		604B57861F94928A009DE302 /* Texture.cpp */ = {isa = PBXFileReference; lastKnownFileType = sourcecode.cpp.cpp; path = Texture.cpp; sourceTree = "<group>"; };
		604B57871F94928A009DE302 /* Texture.hpp */ = {isa = PBXFileReference; lastKnownFileType = sourcecode.cpp.h; path = Texture.hpp; sourceTree = "<group>"; };
		604B578C1F95F61A009DE302 /* SceneManager.cpp */ = {isa = PBXFileReference; lastKnownFileType = sourcecode.cpp.cpp; path = SceneManager.cpp; sourceTree = "<group>"; };
		604B578D1F95F61A009DE302 /* SceneManager.hpp */ = {isa = PBXFileReference; lastKnownFileType = sourcecode.cpp.h; path = SceneManager.hpp; sourceTree = "<group>"; };
		604B57901F95FAB9009DE302 /* Component.cpp */ = {isa = PBXFileReference; lastKnownFileType = sourcecode.cpp.cpp; path = Component.cpp; sourceTree = "<group>"; };
		604B57911F95FAB9009DE302 /* Component.hpp */ = {isa = PBXFileReference; lastKnownFileType = sourcecode.cpp.h; path = Component.hpp; sourceTree = "<group>"; };
		604B57931F95FAD0009DE302 /* GameObject.cpp */ = {isa = PBXFileReference; lastKnownFileType = sourcecode.cpp.cpp; path = GameObject.cpp; sourceTree = "<group>"; };
		604B57941F95FAD0009DE302 /* GameObject.hpp */ = {isa = PBXFileReference; lastKnownFileType = sourcecode.cpp.h; path = GameObject.hpp; sourceTree = "<group>"; };
		604B57961F9723AE009DE302 /* LightProbe.cpp */ = {isa = PBXFileReference; lastKnownFileType = sourcecode.cpp.cpp; path = LightProbe.cpp; sourceTree = "<group>"; };
		604B57971F9723AE009DE302 /* LightProbe.hpp */ = {isa = PBXFileReference; lastKnownFileType = sourcecode.cpp.h; path = LightProbe.hpp; sourceTree = "<group>"; };
		604B579A1F973F94009DE302 /* Skybox.cpp */ = {isa = PBXFileReference; lastKnownFileType = sourcecode.cpp.cpp; path = Skybox.cpp; sourceTree = "<group>"; };
		604B579B1F973F94009DE302 /* Skybox.hpp */ = {isa = PBXFileReference; lastKnownFileType = sourcecode.cpp.h; path = Skybox.hpp; sourceTree = "<group>"; };
		604B579D1F973FBC009DE302 /* Quad.cpp */ = {isa = PBXFileReference; lastKnownFileType = sourcecode.cpp.cpp; path = Quad.cpp; sourceTree = "<group>"; };
		604B579E1F973FBC009DE302 /* Quad.hpp */ = {isa = PBXFileReference; lastKnownFileType = sourcecode.cpp.h; path = Quad.hpp; sourceTree = "<group>"; };
		604B57A11F9890AF009DE302 /* Scene.cpp */ = {isa = PBXFileReference; lastKnownFileType = sourcecode.cpp.cpp; path = Scene.cpp; sourceTree = "<group>"; };
		604B57A21F9890AF009DE302 /* Scene.hpp */ = {isa = PBXFileReference; lastKnownFileType = sourcecode.cpp.h; path = Scene.hpp; sourceTree = "<group>"; };
		604B57A41F98A251009DE302 /* Scene00.cpp */ = {isa = PBXFileReference; lastKnownFileType = sourcecode.cpp.cpp; path = Scene00.cpp; sourceTree = "<group>"; };
		604B57A51F98A251009DE302 /* Scene00.hpp */ = {isa = PBXFileReference; lastKnownFileType = sourcecode.cpp.h; path = Scene00.hpp; sourceTree = "<group>"; };
		604B57AA1F99C148009DE302 /* Material.cpp */ = {isa = PBXFileReference; lastKnownFileType = sourcecode.cpp.cpp; path = Material.cpp; sourceTree = "<group>"; };
		604B57AB1F99C148009DE302 /* Material.hpp */ = {isa = PBXFileReference; lastKnownFileType = sourcecode.cpp.h; path = Material.hpp; sourceTree = "<group>"; };
		6057408C1FADBBFC005B7358 /* PlayerController.cpp */ = {isa = PBXFileReference; lastKnownFileType = sourcecode.cpp.cpp; path = PlayerController.cpp; sourceTree = "<group>"; };
		6057408D1FADBBFC005B7358 /* PlayerController.hpp */ = {isa = PBXFileReference; lastKnownFileType = sourcecode.cpp.h; path = PlayerController.hpp; sourceTree = "<group>"; };
		6057408F1FADF9C4005B7358 /* PointLight.cpp */ = {isa = PBXFileReference; lastKnownFileType = sourcecode.cpp.cpp; path = PointLight.cpp; sourceTree = "<group>"; };
		605740901FADF9C4005B7358 /* PointLight.hpp */ = {isa = PBXFileReference; lastKnownFileType = sourcecode.cpp.h; path = PointLight.hpp; sourceTree = "<group>"; };
		6082F4AD1FA737BF00B177DA /* Input.hpp */ = {isa = PBXFileReference; fileEncoding = 4; lastKnownFileType = sourcecode.cpp.h; path = Input.hpp; sourceTree = "<group>"; };
		6082F4AE1FA737BF00B177DA /* Input.cpp */ = {isa = PBXFileReference; fileEncoding = 4; lastKnownFileType = sourcecode.cpp.cpp; path = Input.cpp; sourceTree = "<group>"; };
		6082F4B01FA9A11200B177DA /* CameraController.cpp */ = {isa = PBXFileReference; lastKnownFileType = sourcecode.cpp.cpp; path = CameraController.cpp; sourceTree = "<group>"; };
		6082F4B11FA9A11200B177DA /* CameraController.hpp */ = {isa = PBXFileReference; lastKnownFileType = sourcecode.cpp.h; path = CameraController.hpp; sourceTree = "<group>"; };
		6082F4B31FAB073000B177DA /* Sphere.cpp */ = {isa = PBXFileReference; lastKnownFileType = sourcecode.cpp.cpp; path = Sphere.cpp; sourceTree = "<group>"; };
		6082F4B41FAB073000B177DA /* Sphere.hpp */ = {isa = PBXFileReference; lastKnownFileType = sourcecode.cpp.h; path = Sphere.hpp; sourceTree = "<group>"; };
		60967CCD1FB214E500297515 /* SceneUnityTest.cpp */ = {isa = PBXFileReference; lastKnownFileType = sourcecode.cpp.cpp; path = SceneUnityTest.cpp; sourceTree = "<group>"; };
		60967CD01FB217D000297515 /* UnityScene.cpp */ = {isa = PBXFileReference; lastKnownFileType = sourcecode.cpp.cpp; path = UnityScene.cpp; sourceTree = "<group>"; };
		609F906E1F9EFF2400238D61 /* Bone.cpp */ = {isa = PBXFileReference; lastKnownFileType = sourcecode.cpp.cpp; path = Bone.cpp; sourceTree = "<group>"; };
		609F906F1F9EFF2400238D61 /* Bone.hpp */ = {isa = PBXFileReference; lastKnownFileType = sourcecode.cpp.h; path = Bone.hpp; sourceTree = "<group>"; };
		60CD44691FC41E4B00ADF152 /* UVAnimation.cpp */ = {isa = PBXFileReference; lastKnownFileType = sourcecode.cpp.cpp; path = UVAnimation.cpp; sourceTree = "<group>"; };
		60CD446A1FC41E4B00ADF152 /* UVAnimation.hpp */ = {isa = PBXFileReference; lastKnownFileType = sourcecode.cpp.h; path = UVAnimation.hpp; sourceTree = "<group>"; };
		60CD446C1FC5261600ADF152 /* Emitter.cpp */ = {isa = PBXFileReference; lastKnownFileType = sourcecode.cpp.cpp; path = Emitter.cpp; sourceTree = "<group>"; };
		60CD446D1FC5261600ADF152 /* Emitter.hpp */ = {isa = PBXFileReference; lastKnownFileType = sourcecode.cpp.h; path = Emitter.hpp; sourceTree = "<group>"; };
		60CD44721FC5592200ADF152 /* Particle.cpp */ = {isa = PBXFileReference; lastKnownFileType = sourcecode.cpp.cpp; path = Particle.cpp; sourceTree = "<group>"; };
		60CD44731FC5592200ADF152 /* Particle.hpp */ = {isa = PBXFileReference; lastKnownFileType = sourcecode.cpp.h; path = Particle.hpp; sourceTree = "<group>"; };
		60CD44761FC6A11600ADF152 /* FxTorchFire.cpp */ = {isa = PBXFileReference; lastKnownFileType = sourcecode.cpp.cpp; path = FxTorchFire.cpp; sourceTree = "<group>"; };
		60CD44771FC6A11600ADF152 /* FxTorchFire.hpp */ = {isa = PBXFileReference; lastKnownFileType = sourcecode.cpp.h; path = FxTorchFire.hpp; sourceTree = "<group>"; };
		60CD44791FC6EDF300ADF152 /* QuadInstance2vec3.cpp */ = {isa = PBXFileReference; lastKnownFileType = sourcecode.cpp.cpp; path = QuadInstance2vec3.cpp; sourceTree = "<group>"; };
		60CD447A1FC6EDF300ADF152 /* QuadInstance2vec3.hpp */ = {isa = PBXFileReference; lastKnownFileType = sourcecode.cpp.h; path = QuadInstance2vec3.hpp; sourceTree = "<group>"; };
		60E579F61FA0B34700690EC1 /* Animation.cpp */ = {isa = PBXFileReference; lastKnownFileType = sourcecode.cpp.cpp; path = Animation.cpp; sourceTree = "<group>"; tabWidth = 4; usesTabs = 1; };
		60E579F71FA0B34700690EC1 /* Animation.hpp */ = {isa = PBXFileReference; lastKnownFileType = sourcecode.cpp.h; path = Animation.hpp; sourceTree = "<group>"; };
		60E579F91FA0BB9B00690EC1 /* Keyframe.cpp */ = {isa = PBXFileReference; lastKnownFileType = sourcecode.cpp.cpp; path = Keyframe.cpp; sourceTree = "<group>"; };
		60E579FA1FA0BB9B00690EC1 /* Keyframe.hpp */ = {isa = PBXFileReference; lastKnownFileType = sourcecode.cpp.h; path = Keyframe.hpp; sourceTree = "<group>"; };
		60E579FC1FA0C35100690EC1 /* Node.cpp */ = {isa = PBXFileReference; indentWidth = 4; lastKnownFileType = sourcecode.cpp.cpp; path = Node.cpp; sourceTree = "<group>"; usesTabs = 1; };
		60E579FD1FA0C35100690EC1 /* Node.hpp */ = {isa = PBXFileReference; lastKnownFileType = sourcecode.cpp.h; path = Node.hpp; sourceTree = "<group>"; };
		60EEC5791FCA5D8E0068B59D /* Scene03.cpp */ = {isa = PBXFileReference; lastKnownFileType = sourcecode.cpp.cpp; path = Scene03.cpp; sourceTree = "<group>"; };
		60EEC57A1FCA5D8E0068B59D /* Scene03.hpp */ = {isa = PBXFileReference; lastKnownFileType = sourcecode.cpp.h; path = Scene03.hpp; sourceTree = "<group>"; };
		60FA8C751FB5615200E31651 /* ShadowMapping.cpp */ = {isa = PBXFileReference; lastKnownFileType = sourcecode.cpp.cpp; path = ShadowMapping.cpp; sourceTree = "<group>"; };
		60FA8C761FB5615200E31651 /* ShadowMapping.hpp */ = {isa = PBXFileReference; lastKnownFileType = sourcecode.cpp.h; path = ShadowMapping.hpp; sourceTree = "<group>"; };
/* End PBXFileReference section */

/* Begin PBXFrameworksBuildPhase section */
		60070A1A1F88C64C00AE4BEB /* Frameworks */ = {
			isa = PBXFrameworksBuildPhase;
			buildActionMask = 2147483647;
			files = (
				60070A3F1F88C86700AE4BEB /* OpenGL.framework in Frameworks */,
			);
			runOnlyForDeploymentPostprocessing = 0;
		};
/* End PBXFrameworksBuildPhase section */

/* Begin PBXGroup section */
		600709F11F88C49A00AE4BEB = {
			isa = PBXGroup;
			children = (
				60070A2F1F88C71100AE4BEB /* Assets */,
				600709FC1F88C49A00AE4BEB /* Vania3D */,
				60070A1E1F88C64C00AE4BEB /* Cocoa */,
				600709FB1F88C49A00AE4BEB /* Products */,
				60070A2C1F88C67C00AE4BEB /* Frameworks */,
				60CD44681FC3EEEE00ADF152 /* Recovered References */,
			);
			sourceTree = "<group>";
		};
		600709FB1F88C49A00AE4BEB /* Products */ = {
			isa = PBXGroup;
			children = (
				60070A1D1F88C64C00AE4BEB /* Cocoa.app */,
			);
			name = Products;
			sourceTree = "<group>";
		};
		600709FC1F88C49A00AE4BEB /* Vania3D */ = {
			isa = PBXGroup;
			children = (
				600709FD1F88C49A00AE4BEB /* main.cpp */,
				60CD44751FC6A06100ADF152 /* Prefab */,
				605740881FAD9DE1005B7358 /* GameObject */,
				604B578F1F95FA63009DE302 /* Component */,
				602434271F88D86400DA6CA4 /* Engine */,
				604B57991F973F70009DE302 /* Mesh */,
				602DDFD11FA05F1800D64A7C /* Model */,
				604B57A01F98908C009DE302 /* Scene */,
			);
			path = Vania3D;
			sourceTree = "<group>";
		};
		60070A1E1F88C64C00AE4BEB /* Cocoa */ = {
			isa = PBXGroup;
			children = (
				60070A1F1F88C64C00AE4BEB /* AppDelegate.swift */,
				60070A211F88C64C00AE4BEB /* Assets.xcassets */,
				60070A231F88C64C00AE4BEB /* MainMenu.xib */,
				60070A261F88C64C00AE4BEB /* Info.plist */,
				60070A271F88C64C00AE4BEB /* Cocoa.entitlements */,
			);
			path = Cocoa;
			sourceTree = "<group>";
		};
		60070A2C1F88C67C00AE4BEB /* Frameworks */ = {
			isa = PBXGroup;
			children = (
				602434461F88F03B00DA6CA4 /* libassimp.3.3.1.dylib */,
				60070A3E1F88C86700AE4BEB /* OpenGL.framework */,
				60070A371F88C83B00AE4BEB /* libglfw.3.2.dylib */,
				60070A351F88C83400AE4BEB /* libGLEW.2.0.0.dylib */,
			);
			name = Frameworks;
			sourceTree = "<group>";
		};
		602434271F88D86400DA6CA4 /* Engine */ = {
			isa = PBXGroup;
			children = (
				602434281F88D89200DA6CA4 /* Engine.cpp */,
				6024342B1F88D89200DA6CA4 /* Engine.hpp */,
				6024342C1F88D89200DA6CA4 /* Window.cpp */,
				602434291F88D89200DA6CA4 /* Window.hpp */,
				6024342F1F88DA2300DA6CA4 /* Shader.cpp */,
				602434301F88DA2300DA6CA4 /* Shader.hpp */,
				602434321F88DA7100DA6CA4 /* Resources.cpp */,
				602434331F88DA7100DA6CA4 /* Resources.hpp */,
				602434351F88DCBC00DA6CA4 /* RenderPass.cpp */,
				602434361F88DCBC00DA6CA4 /* RenderPass.hpp */,
				600B9A6C1FBADB3C00B1F0D5 /* RenderLayer.cpp */,
				600B9A6D1FBADB3C00B1F0D5 /* RenderLayer.hpp */,
				60FA8C751FB5615200E31651 /* ShadowMapping.cpp */,
				60FA8C761FB5615200E31651 /* ShadowMapping.hpp */,
				6024343B1F88E79A00DA6CA4 /* Game.cpp */,
				6024343C1F88E79A00DA6CA4 /* Game.hpp */,
				604B57861F94928A009DE302 /* Texture.cpp */,
				604B57871F94928A009DE302 /* Texture.hpp */,
				604B578C1F95F61A009DE302 /* SceneManager.cpp */,
				604B578D1F95F61A009DE302 /* SceneManager.hpp */,
				604B57961F9723AE009DE302 /* LightProbe.cpp */,
				604B57971F9723AE009DE302 /* LightProbe.hpp */,
				604B57AA1F99C148009DE302 /* Material.cpp */,
				604B57AB1F99C148009DE302 /* Material.hpp */,
				60132DFB1FA38D5900E71962 /* Time.cpp */,
				60132DFC1FA38D5900E71962 /* Time.hpp */,
				6082F4AE1FA737BF00B177DA /* Input.cpp */,
				6082F4AD1FA737BF00B177DA /* Input.hpp */,
			);
			path = Engine;
			sourceTree = "<group>";
		};
		602DDFD11FA05F1800D64A7C /* Model */ = {
			isa = PBXGroup;
			children = (
				60E579FC1FA0C35100690EC1 /* Node.cpp */,
				60E579FD1FA0C35100690EC1 /* Node.hpp */,
				609F906E1F9EFF2400238D61 /* Bone.cpp */,
				609F906F1F9EFF2400238D61 /* Bone.hpp */,
				604B57831F945A92009DE302 /* Mesh.cpp */,
				604B57841F945A92009DE302 /* Mesh.hpp */,
				604B57801F945A84009DE302 /* Model.cpp */,
				604B57811F945A84009DE302 /* Model.hpp */,
				60E579F91FA0BB9B00690EC1 /* Keyframe.cpp */,
				60E579FA1FA0BB9B00690EC1 /* Keyframe.hpp */,
				60E579F61FA0B34700690EC1 /* Animation.cpp */,
				60E579F71FA0B34700690EC1 /* Animation.hpp */,
				60159E1F1FB067DE00EDC9CA /* Level.cpp */,
				60159E201FB067DE00EDC9CA /* Level.hpp */,
				600B9A531FB8333900B1F0D5 /* Map.cpp */,
				600B9A541FB8333900B1F0D5 /* Map.hpp */,
			);
			path = Model;
			sourceTree = "<group>";
		};
		604B578F1F95FA63009DE302 /* Component */ = {
			isa = PBXGroup;
			children = (
				604B57901F95FAB9009DE302 /* Component.cpp */,
				604B57911F95FAB9009DE302 /* Component.hpp */,
				600E63B41F99F19000F6A34A /* MeshRenderer.cpp */,
				600E63B51F99F19000F6A34A /* MeshRenderer.hpp */,
				600E63B31F99F18F00F6A34A /* Transform.cpp */,
				600E63B61F99F19000F6A34A /* Transform.hpp */,
				602C98A21FAED44000B69E45 /* Offset.cpp */,
				602C98A31FAED44000B69E45 /* Offset.hpp */,
				6082F4B01FA9A11200B177DA /* CameraController.cpp */,
				6082F4B11FA9A11200B177DA /* CameraController.hpp */,
				6057408C1FADBBFC005B7358 /* PlayerController.cpp */,
				6057408D1FADBBFC005B7358 /* PlayerController.hpp */,
				6057408F1FADF9C4005B7358 /* PointLight.cpp */,
				605740901FADF9C4005B7358 /* PointLight.hpp */,
				602434381F88E70B00DA6CA4 /* Camera.cpp */,
				602434391F88E70B00DA6CA4 /* Camera.hpp */,
				600B9A6F1FBC25F000B1F0D5 /* FrustumCulling.cpp */,
				600B9A701FBC25F000B1F0D5 /* FrustumCulling.hpp */,
				60315E671FC31A13005D6AE0 /* Billboard.cpp */,
				60315E681FC31A13005D6AE0 /* Billboard.hpp */,
				60CD44691FC41E4B00ADF152 /* UVAnimation.cpp */,
				60CD446A1FC41E4B00ADF152 /* UVAnimation.hpp */,
				60CD446C1FC5261600ADF152 /* Emitter.cpp */,
				60CD446D1FC5261600ADF152 /* Emitter.hpp */,
				60CD44721FC5592200ADF152 /* Particle.cpp */,
				60CD44731FC5592200ADF152 /* Particle.hpp */,
			);
			path = Component;
			sourceTree = "<group>";
		};
		604B57991F973F70009DE302 /* Mesh */ = {
			isa = PBXGroup;
			children = (
				604B579A1F973F94009DE302 /* Skybox.cpp */,
				604B579B1F973F94009DE302 /* Skybox.hpp */,
				604B579D1F973FBC009DE302 /* Quad.cpp */,
				604B579E1F973FBC009DE302 /* Quad.hpp */,
				60CD44791FC6EDF300ADF152 /* QuadInstance2vec3.cpp */,
				60CD447A1FC6EDF300ADF152 /* QuadInstance2vec3.hpp */,
				6082F4B31FAB073000B177DA /* Sphere.cpp */,
				6082F4B41FAB073000B177DA /* Sphere.hpp */,
			);
			path = Mesh;
			sourceTree = "<group>";
		};
		604B57A01F98908C009DE302 /* Scene */ = {
			isa = PBXGroup;
			children = (
				604B57A11F9890AF009DE302 /* Scene.cpp */,
				604B57A21F9890AF009DE302 /* Scene.hpp */,
				604B57A41F98A251009DE302 /* Scene00.cpp */,
				604B57A51F98A251009DE302 /* Scene00.hpp */,
				60EEC5791FCA5D8E0068B59D /* Scene03.cpp */,
				60EEC57A1FCA5D8E0068B59D /* Scene03.hpp */,
			);
			path = Scene;
			sourceTree = "<group>";
		};
		605740881FAD9DE1005B7358 /* GameObject */ = {
			isa = PBXGroup;
			children = (
				604B57931F95FAD0009DE302 /* GameObject.cpp */,
				604B57941F95FAD0009DE302 /* GameObject.hpp */,
			);
			path = GameObject;
			sourceTree = "<group>";
		};
		60CD44681FC3EEEE00ADF152 /* Recovered References */ = {
			isa = PBXGroup;
			children = (
				60967CD01FB217D000297515 /* UnityScene.cpp */,
				60967CCD1FB214E500297515 /* SceneUnityTest.cpp */,
			);
			name = "Recovered References";
			sourceTree = "<group>";
		};
		60CD44751FC6A06100ADF152 /* Prefab */ = {
			isa = PBXGroup;
			children = (
				60CD44761FC6A11600ADF152 /* FxTorchFire.cpp */,
				60CD44771FC6A11600ADF152 /* FxTorchFire.hpp */,
			);
			path = Prefab;
			sourceTree = "<group>";
		};
/* End PBXGroup section */

/* Begin PBXNativeTarget section */
		60070A1C1F88C64C00AE4BEB /* Cocoa */ = {
			isa = PBXNativeTarget;
			buildConfigurationList = 60070A281F88C64C00AE4BEB /* Build configuration list for PBXNativeTarget "Cocoa" */;
			buildPhases = (
				60070A191F88C64C00AE4BEB /* Sources */,
				60070A1A1F88C64C00AE4BEB /* Frameworks */,
				6024343E1F88EA5A00DA6CA4 /* CopyFiles */,
				60070A1B1F88C64C00AE4BEB /* Resources */,
			);
			buildRules = (
			);
			dependencies = (
			);
			name = Cocoa;
			productName = Cocoa;
			productReference = 60070A1D1F88C64C00AE4BEB /* Cocoa.app */;
			productType = "com.apple.product-type.application";
		};
/* End PBXNativeTarget section */

/* Begin PBXProject section */
		600709F21F88C49A00AE4BEB /* Project object */ = {
			isa = PBXProject;
			attributes = {
				LastSwiftUpdateCheck = 0900;
				LastUpgradeCheck = 0900;
				ORGANIZATIONNAME = haijian;
				TargetAttributes = {
					60070A1C1F88C64C00AE4BEB = {
						CreatedOnToolsVersion = 9.0;
						ProvisioningStyle = Automatic;
						SystemCapabilities = {
							com.apple.Sandbox = {
								enabled = 1;
							};
						};
					};
				};
			};
			buildConfigurationList = 600709F51F88C49A00AE4BEB /* Build configuration list for PBXProject "Vania3D" */;
			compatibilityVersion = "Xcode 8.0";
			developmentRegion = en;
			hasScannedForEncodings = 0;
			knownRegions = (
				en,
				Base,
			);
			mainGroup = 600709F11F88C49A00AE4BEB;
			productRefGroup = 600709FB1F88C49A00AE4BEB /* Products */;
			projectDirPath = "";
			projectRoot = "";
			targets = (
				60070A1C1F88C64C00AE4BEB /* Cocoa */,
			);
		};
/* End PBXProject section */

/* Begin PBXResourcesBuildPhase section */
		60070A1B1F88C64C00AE4BEB /* Resources */ = {
			isa = PBXResourcesBuildPhase;
			buildActionMask = 2147483647;
			files = (
				60070A221F88C64C00AE4BEB /* Assets.xcassets in Resources */,
				60070A251F88C64C00AE4BEB /* MainMenu.xib in Resources */,
				60070A391F88C84D00AE4BEB /* Assets in Resources */,
			);
			runOnlyForDeploymentPostprocessing = 0;
		};
/* End PBXResourcesBuildPhase section */

/* Begin PBXSourcesBuildPhase section */
		60070A191F88C64C00AE4BEB /* Sources */ = {
			isa = PBXSourcesBuildPhase;
			buildActionMask = 2147483647;
			files = (
				600E63B71F99F19000F6A34A /* Transform.cpp in Sources */,
				60CD44741FC5592200ADF152 /* Particle.cpp in Sources */,
				605740911FADF9C4005B7358 /* PointLight.cpp in Sources */,
				604B579F1F973FBC009DE302 /* Quad.cpp in Sources */,
				600B9A551FB8333900B1F0D5 /* Map.cpp in Sources */,
				60E579FB1FA0BB9B00690EC1 /* Keyframe.cpp in Sources */,
				60FA8C771FB5615200E31651 /* ShadowMapping.cpp in Sources */,
				6082F4B21FA9A11200B177DA /* CameraController.cpp in Sources */,
				6082F4AF1FA737C000B177DA /* Input.cpp in Sources */,
				604B57821F945A84009DE302 /* Model.cpp in Sources */,
				604B57A61F98A251009DE302 /* Scene00.cpp in Sources */,
				602434371F88DCBC00DA6CA4 /* RenderPass.cpp in Sources */,
				609F90701F9EFF2400238D61 /* Bone.cpp in Sources */,
				6057408E1FADBBFC005B7358 /* PlayerController.cpp in Sources */,
				600E63B81F99F19000F6A34A /* MeshRenderer.cpp in Sources */,
				604B57AC1F99C148009DE302 /* Material.cpp in Sources */,
				60070A301F88C82A00AE4BEB /* main.cpp in Sources */,
				60E579F81FA0B34700690EC1 /* Animation.cpp in Sources */,
				6024343A1F88E70B00DA6CA4 /* Camera.cpp in Sources */,
				60315E691FC31A13005D6AE0 /* Billboard.cpp in Sources */,
				602C98A41FAED44000B69E45 /* Offset.cpp in Sources */,
				60CD44781FC6A11600ADF152 /* FxTorchFire.cpp in Sources */,
				604B57851F945A92009DE302 /* Mesh.cpp in Sources */,
				6024343D1F88E79A00DA6CA4 /* Game.cpp in Sources */,
				60E579FE1FA0C35100690EC1 /* Node.cpp in Sources */,
				604B579C1F973F94009DE302 /* Skybox.cpp in Sources */,
				6024342E1F88D89200DA6CA4 /* Window.cpp in Sources */,
				602434341F88DA7100DA6CA4 /* Resources.cpp in Sources */,
				604B57921F95FAB9009DE302 /* Component.cpp in Sources */,
				600B9A711FBC25F000B1F0D5 /* FrustumCulling.cpp in Sources */,
				604B57A31F9890AF009DE302 /* Scene.cpp in Sources */,
				602434311F88DA2300DA6CA4 /* Shader.cpp in Sources */,
				60EEC57B1FCA5D8E0068B59D /* Scene03.cpp in Sources */,
				60132DFD1FA38D5900E71962 /* Time.cpp in Sources */,
				6024342D1F88D89200DA6CA4 /* Engine.cpp in Sources */,
				604B578E1F95F61A009DE302 /* SceneManager.cpp in Sources */,
				60CD447B1FC6EDF300ADF152 /* QuadInstance2vec3.cpp in Sources */,
				60CD446E1FC5261600ADF152 /* Emitter.cpp in Sources */,
				604B57881F94928A009DE302 /* Texture.cpp in Sources */,
				60159E211FB067DE00EDC9CA /* Level.cpp in Sources */,
				60CD446B1FC41E4B00ADF152 /* UVAnimation.cpp in Sources */,
				604B57951F95FAD0009DE302 /* GameObject.cpp in Sources */,
				600B9A6E1FBADB3C00B1F0D5 /* RenderLayer.cpp in Sources */,
				6082F4B51FAB073000B177DA /* Sphere.cpp in Sources */,
				604B57981F9723AE009DE302 /* LightProbe.cpp in Sources */,
			);
			runOnlyForDeploymentPostprocessing = 0;
		};
/* End PBXSourcesBuildPhase section */

/* Begin PBXVariantGroup section */
		60070A231F88C64C00AE4BEB /* MainMenu.xib */ = {
			isa = PBXVariantGroup;
			children = (
				60070A241F88C64C00AE4BEB /* Base */,
			);
			name = MainMenu.xib;
			sourceTree = "<group>";
		};
/* End PBXVariantGroup section */

/* Begin XCBuildConfiguration section */
		600709FF1F88C49A00AE4BEB /* Debug */ = {
			isa = XCBuildConfiguration;
			buildSettings = {
				ALWAYS_SEARCH_USER_PATHS = NO;
				CLANG_ANALYZER_NONNULL = YES;
				CLANG_ANALYZER_NUMBER_OBJECT_CONVERSION = YES_AGGRESSIVE;
				CLANG_CXX_LANGUAGE_STANDARD = "gnu++14";
				CLANG_CXX_LIBRARY = "libc++";
				CLANG_ENABLE_MODULES = YES;
				CLANG_ENABLE_OBJC_ARC = YES;
				CLANG_WARN_BLOCK_CAPTURE_AUTORELEASING = YES;
				CLANG_WARN_BOOL_CONVERSION = YES;
				CLANG_WARN_COMMA = YES;
				CLANG_WARN_CONSTANT_CONVERSION = YES;
				CLANG_WARN_DIRECT_OBJC_ISA_USAGE = YES_ERROR;
				CLANG_WARN_DOCUMENTATION_COMMENTS = YES;
				CLANG_WARN_EMPTY_BODY = YES;
				CLANG_WARN_ENUM_CONVERSION = YES;
				CLANG_WARN_INFINITE_RECURSION = YES;
				CLANG_WARN_INT_CONVERSION = YES;
				CLANG_WARN_NON_LITERAL_NULL_CONVERSION = YES;
				CLANG_WARN_OBJC_LITERAL_CONVERSION = YES;
				CLANG_WARN_OBJC_ROOT_CLASS = YES_ERROR;
				CLANG_WARN_RANGE_LOOP_ANALYSIS = YES;
				CLANG_WARN_STRICT_PROTOTYPES = YES;
				CLANG_WARN_SUSPICIOUS_MOVE = YES;
				CLANG_WARN_UNGUARDED_AVAILABILITY = YES_AGGRESSIVE;
				CLANG_WARN_UNREACHABLE_CODE = YES;
				CLANG_WARN__DUPLICATE_METHOD_MATCH = YES;
				CODE_SIGN_IDENTITY = "Mac Developer";
				COPY_PHASE_STRIP = NO;
				DEBUG_INFORMATION_FORMAT = dwarf;
				ENABLE_STRICT_OBJC_MSGSEND = YES;
				ENABLE_TESTABILITY = YES;
				GCC_C_LANGUAGE_STANDARD = gnu11;
				GCC_DYNAMIC_NO_PIC = NO;
				GCC_NO_COMMON_BLOCKS = YES;
				GCC_OPTIMIZATION_LEVEL = 0;
				GCC_PREPROCESSOR_DEFINITIONS = (
					"DEBUG=1",
					"$(inherited)",
				);
				GCC_WARN_64_TO_32_BIT_CONVERSION = YES;
				GCC_WARN_ABOUT_RETURN_TYPE = YES_ERROR;
				GCC_WARN_UNDECLARED_SELECTOR = YES;
				GCC_WARN_UNINITIALIZED_AUTOS = YES_AGGRESSIVE;
				GCC_WARN_UNUSED_FUNCTION = YES;
				GCC_WARN_UNUSED_VARIABLE = YES;
				MACOSX_DEPLOYMENT_TARGET = 10.13;
				MTL_ENABLE_DEBUG_INFO = YES;
				ONLY_ACTIVE_ARCH = YES;
				SDKROOT = macosx;
			};
			name = Debug;
		};
		60070A001F88C49A00AE4BEB /* Release */ = {
			isa = XCBuildConfiguration;
			buildSettings = {
				ALWAYS_SEARCH_USER_PATHS = NO;
				CLANG_ANALYZER_NONNULL = YES;
				CLANG_ANALYZER_NUMBER_OBJECT_CONVERSION = YES_AGGRESSIVE;
				CLANG_CXX_LANGUAGE_STANDARD = "gnu++14";
				CLANG_CXX_LIBRARY = "libc++";
				CLANG_ENABLE_MODULES = YES;
				CLANG_ENABLE_OBJC_ARC = YES;
				CLANG_WARN_BLOCK_CAPTURE_AUTORELEASING = YES;
				CLANG_WARN_BOOL_CONVERSION = YES;
				CLANG_WARN_COMMA = YES;
				CLANG_WARN_CONSTANT_CONVERSION = YES;
				CLANG_WARN_DIRECT_OBJC_ISA_USAGE = YES_ERROR;
				CLANG_WARN_DOCUMENTATION_COMMENTS = YES;
				CLANG_WARN_EMPTY_BODY = YES;
				CLANG_WARN_ENUM_CONVERSION = YES;
				CLANG_WARN_INFINITE_RECURSION = YES;
				CLANG_WARN_INT_CONVERSION = YES;
				CLANG_WARN_NON_LITERAL_NULL_CONVERSION = YES;
				CLANG_WARN_OBJC_LITERAL_CONVERSION = YES;
				CLANG_WARN_OBJC_ROOT_CLASS = YES_ERROR;
				CLANG_WARN_RANGE_LOOP_ANALYSIS = YES;
				CLANG_WARN_STRICT_PROTOTYPES = YES;
				CLANG_WARN_SUSPICIOUS_MOVE = YES;
				CLANG_WARN_UNGUARDED_AVAILABILITY = YES_AGGRESSIVE;
				CLANG_WARN_UNREACHABLE_CODE = YES;
				CLANG_WARN__DUPLICATE_METHOD_MATCH = YES;
				CODE_SIGN_IDENTITY = "Mac Developer";
				COPY_PHASE_STRIP = NO;
				DEBUG_INFORMATION_FORMAT = "dwarf-with-dsym";
				ENABLE_NS_ASSERTIONS = NO;
				ENABLE_STRICT_OBJC_MSGSEND = YES;
				GCC_C_LANGUAGE_STANDARD = gnu11;
				GCC_NO_COMMON_BLOCKS = YES;
				GCC_WARN_64_TO_32_BIT_CONVERSION = YES;
				GCC_WARN_ABOUT_RETURN_TYPE = YES_ERROR;
				GCC_WARN_UNDECLARED_SELECTOR = YES;
				GCC_WARN_UNINITIALIZED_AUTOS = YES_AGGRESSIVE;
				GCC_WARN_UNUSED_FUNCTION = YES;
				GCC_WARN_UNUSED_VARIABLE = YES;
				MACOSX_DEPLOYMENT_TARGET = 10.13;
				MTL_ENABLE_DEBUG_INFO = NO;
				SDKROOT = macosx;
			};
			name = Release;
		};
		60070A291F88C64C00AE4BEB /* Debug */ = {
			isa = XCBuildConfiguration;
			buildSettings = {
				ASSETCATALOG_COMPILER_APPICON_NAME = AppIcon;
				CODE_SIGN_ENTITLEMENTS = Cocoa/Cocoa.entitlements;
				CODE_SIGN_STYLE = Automatic;
				COMBINE_HIDPI_IMAGES = YES;
				DEVELOPMENT_TEAM = 4M5A36G82A;
				HEADER_SEARCH_PATHS = (
					./Frameworks/glfw/inc,
					./Frameworks/glew/inc,
					./Frameworks/glm/inc,
					./Frameworks/assimp/inc,
					./Frameworks/stb/inc,
				);
				INFOPLIST_FILE = Cocoa/Info.plist;
				LD_RUNPATH_SEARCH_PATHS = "$(inherited) @executable_path/../Frameworks";
				LIBRARY_SEARCH_PATHS = (
					"$(inherited)",
					"$(PROJECT_DIR)/Frameworks/glew/lib",
					"$(PROJECT_DIR)/Frameworks/glfw/lib",
					"$(PROJECT_DIR)/Frameworks/assimp/lib",
				);
				OTHER_LDFLAGS = (
					./Frameworks/glew/lib/libGLEW.2.0.0.dylib,
					./Frameworks/glfw/lib/libglfw.3.2.dylib,
					./Frameworks/assimp/lib/libassimp.3.3.1.dylib,
				);
				PRODUCT_BUNDLE_IDENTIFIER = haijian.Cocoa;
				PRODUCT_NAME = "$(TARGET_NAME)";
				SWIFT_ACTIVE_COMPILATION_CONDITIONS = DEBUG;
				SWIFT_OPTIMIZATION_LEVEL = "-Onone";
				SWIFT_VERSION = 4.0;
			};
			name = Debug;
		};
		60070A2A1F88C64C00AE4BEB /* Release */ = {
			isa = XCBuildConfiguration;
			buildSettings = {
				ASSETCATALOG_COMPILER_APPICON_NAME = AppIcon;
				CODE_SIGN_ENTITLEMENTS = Cocoa/Cocoa.entitlements;
				CODE_SIGN_STYLE = Automatic;
				COMBINE_HIDPI_IMAGES = YES;
				DEVELOPMENT_TEAM = 4M5A36G82A;
				HEADER_SEARCH_PATHS = (
					./Frameworks/glfw/inc,
					./Frameworks/glew/inc,
					./Frameworks/glm/inc,
					./Frameworks/assimp/inc,
					./Frameworks/stb/inc,
				);
				INFOPLIST_FILE = Cocoa/Info.plist;
				LD_RUNPATH_SEARCH_PATHS = "$(inherited) @executable_path/../Frameworks";
				LIBRARY_SEARCH_PATHS = (
					"$(inherited)",
					"$(PROJECT_DIR)/Frameworks/glew/lib",
					"$(PROJECT_DIR)/Frameworks/glfw/lib",
					"$(PROJECT_DIR)/Frameworks/assimp/lib",
				);
				OTHER_LDFLAGS = (
					./Frameworks/glew/lib/libGLEW.2.0.0.dylib,
					./Frameworks/glfw/lib/libglfw.3.2.dylib,
					./Frameworks/assimp/lib/libassimp.3.3.1.dylib,
				);
				PRODUCT_BUNDLE_IDENTIFIER = haijian.Cocoa;
				PRODUCT_NAME = "$(TARGET_NAME)";
				SWIFT_OPTIMIZATION_LEVEL = "-Owholemodule";
				SWIFT_VERSION = 4.0;
			};
			name = Release;
		};
/* End XCBuildConfiguration section */

/* Begin XCConfigurationList section */
		600709F51F88C49A00AE4BEB /* Build configuration list for PBXProject "Vania3D" */ = {
			isa = XCConfigurationList;
			buildConfigurations = (
				600709FF1F88C49A00AE4BEB /* Debug */,
				60070A001F88C49A00AE4BEB /* Release */,
			);
			defaultConfigurationIsVisible = 0;
			defaultConfigurationName = Release;
		};
		60070A281F88C64C00AE4BEB /* Build configuration list for PBXNativeTarget "Cocoa" */ = {
			isa = XCConfigurationList;
			buildConfigurations = (
				60070A291F88C64C00AE4BEB /* Debug */,
				60070A2A1F88C64C00AE4BEB /* Release */,
			);
			defaultConfigurationIsVisible = 0;
			defaultConfigurationName = Release;
		};
/* End XCConfigurationList section */
	};
	rootObject = 600709F21F88C49A00AE4BEB /* Project object */;
}
